
Microsoft Visual Studio Solution File, Format Version 12.00
# Visual Studio Version 17
VisualStudioVersion = 17.5.2.0
MinimumVisualStudioVersion = 10.0.40219.1
Project("{FAE04EC0-301F-11D3-BF4B-00C04F79EFBC}") = "JPSports.Api", "backend/JPSports.Api.csproj", "{B5CEE1AB-68C5-FCEC-EA61-653FFB609ED2}"
EndProject
Project("{FAE04EC0-301F-11D3-BF4B-00C04F79EFBC}") = "JPSports.Api.Tests", "backend.tests/JPSports.Api.Tests.csproj", "{183AD71B-B3B1-402E-B66A-BCE2176F16E7}"
EndProject
Global
	GlobalSection(SolutionConfigurationPlatforms) = preSolution
		Debug|Any CPU = Debug|Any CPU
		Release|Any CPU = Release|Any CPU
	EndGlobalSection
	GlobalSection(ProjectConfigurationPlatforms) = postSolution
		{B5CEE1AB-68C5-FCEC-EA61-653FFB609ED2}.Debug|Any CPU.ActiveCfg = Debug|Any CPU
		{B5CEE1AB-68C5-FCEC-EA61-653FFB609ED2}.Debug|Any CPU.Build.0 = Debug|Any CPU
		{B5CEE1AB-68C5-FCEC-EA61-653FFB609ED2}.Release|Any CPU.ActiveCfg = Release|Any CPU
		{B5CEE1AB-68C5-FCEC-EA61-653FFB609ED2}.Release|Any CPU.Build.0 = Release|Any CPU
		{183AD71B-B3B1-402E-B66A-BCE2176F16E7}.Debug|Any CPU.ActiveCfg = Debug|Any CPU
		{183AD71B-B3B1-402E-B66A-BCE2176F16E7}.Debug|Any CPU.Build.0 = Debug|Any CPU
		{183AD71B-B3B1-402E-B66A-BCE2176F16E7}.Release|Any CPU.ActiveCfg = Release|Any CPU
		{183AD71B-B3B1-402E-B66A-BCE2176F16E7}.Release|Any CPU.Build.0 = Release|Any CPU
	EndGlobalSection
	GlobalSection(SolutionProperties) = preSolution
		HideSolutionNode = FALSE
	EndGlobalSection
	GlobalSection(ExtensibilityGlobals) = postSolution
		SolutionGuid = {69610922-1A30-423E-B3DA-3D9C47BBA4D4}
	EndGlobalSection
EndGlobal
